// !$*UTF8*$!
{
	archiveVersion = 1;
	classes = {
	};
	objectVersion = 56;
	objects = {

/* Begin PBXBuildFile section */
		C774AFDB2B2B0B2C00249767 /* HikeApp.swift in Sources */ = {isa = PBXBuildFile; fileRef = C774AFDA2B2B0B2C00249767 /* HikeApp.swift */; };
		C774AFDD2B2B0B2C00249767 /* ContentView.swift in Sources */ = {isa = PBXBuildFile; fileRef = C774AFDC2B2B0B2C00249767 /* ContentView.swift */; };
		C774AFDF2B2B0B2E00249767 /* Assets.xcassets in Resources */ = {isa = PBXBuildFile; fileRef = C774AFDE2B2B0B2E00249767 /* Assets.xcassets */; };
		C774AFE22B2B0B2E00249767 /* Preview Assets.xcassets in Resources */ = {isa = PBXBuildFile; fileRef = C774AFE12B2B0B2E00249767 /* Preview Assets.xcassets */; };
		C7B71A562B2B6680002A4B00 /* CardView.swift in Sources */ = {isa = PBXBuildFile; fileRef = C7B71A552B2B6680002A4B00 /* CardView.swift */; };
		C7B71A582B2B6AF2002A4B00 /* CustomBackgroundColor.swift in Sources */ = {isa = PBXBuildFile; fileRef = C7B71A572B2B6AF2002A4B00 /* CustomBackgroundColor.swift */; };
		C7B71A5A2B2B6B49002A4B00 /* Colors.swift in Sources */ = {isa = PBXBuildFile; fileRef = C7B71A592B2B6B49002A4B00 /* Colors.swift */; };
		C7B71A5C2B2BEA7F002A4B00 /* CustomButton.swift in Sources */ = {isa = PBXBuildFile; fileRef = C7B71A5B2B2BEA7F002A4B00 /* CustomButton.swift */; };
		C7B71A602B2C05AD002A4B00 /* CustomButtonStyle.swift in Sources */ = {isa = PBXBuildFile; fileRef = C7B71A5F2B2C05AD002A4B00 /* CustomButtonStyle.swift */; };
		C7B71A642B2C1FEF002A4B00 /* CustomCricleView.swift in Sources */ = {isa = PBXBuildFile; fileRef = C7B71A632B2C1FEF002A4B00 /* CustomCricleView.swift */; };
		C7B71A662B2C2438002A4B00 /* MotionAnimationView.swift in Sources */ = {isa = PBXBuildFile; fileRef = C7B71A652B2C2438002A4B00 /* MotionAnimationView.swift */; };
		C7B71A692B2C2E3F002A4B00 /* SettingView.swift in Sources */ = {isa = PBXBuildFile; fileRef = C7B71A682B2C2E3F002A4B00 /* SettingView.swift */; };
		C7B71A6B2B2C3FA8002A4B00 /* CustomListRow.swift in Sources */ = {isa = PBXBuildFile; fileRef = C7B71A6A2B2C3FA8002A4B00 /* CustomListRow.swift */; };
/* End PBXBuildFile section */

/* Begin PBXFileReference section */
		C774AFD72B2B0B2C00249767 /* Hike.app */ = {isa = PBXFileReference; explicitFileType = wrapper.application; includeInIndex = 0; path = Hike.app; sourceTree = BUILT_PRODUCTS_DIR; };
		C774AFDA2B2B0B2C00249767 /* HikeApp.swift */ = {isa = PBXFileReference; lastKnownFileType = sourcecode.swift; path = HikeApp.swift; sourceTree = "<group>"; };
		C774AFDC2B2B0B2C00249767 /* ContentView.swift */ = {isa = PBXFileReference; lastKnownFileType = sourcecode.swift; path = ContentView.swift; sourceTree = "<group>"; };
		C774AFDE2B2B0B2E00249767 /* Assets.xcassets */ = {isa = PBXFileReference; lastKnownFileType = folder.assetcatalog; path = Assets.xcassets; sourceTree = "<group>"; };
		C774AFE12B2B0B2E00249767 /* Preview Assets.xcassets */ = {isa = PBXFileReference; lastKnownFileType = folder.assetcatalog; path = "Preview Assets.xcassets"; sourceTree = "<group>"; };
		C7B71A552B2B6680002A4B00 /* CardView.swift */ = {isa = PBXFileReference; lastKnownFileType = sourcecode.swift; path = CardView.swift; sourceTree = "<group>"; };
		C7B71A572B2B6AF2002A4B00 /* CustomBackgroundColor.swift */ = {isa = PBXFileReference; lastKnownFileType = sourcecode.swift; path = CustomBackgroundColor.swift; sourceTree = "<group>"; };
		C7B71A592B2B6B49002A4B00 /* Colors.swift */ = {isa = PBXFileReference; lastKnownFileType = sourcecode.swift; path = Colors.swift; sourceTree = "<group>"; };
		C7B71A5B2B2BEA7F002A4B00 /* CustomButton.swift */ = {isa = PBXFileReference; lastKnownFileType = sourcecode.swift; path = CustomButton.swift; sourceTree = "<group>"; };
		C7B71A5F2B2C05AD002A4B00 /* CustomButtonStyle.swift */ = {isa = PBXFileReference; lastKnownFileType = sourcecode.swift; path = CustomButtonStyle.swift; sourceTree = "<group>"; };
		C7B71A632B2C1FEF002A4B00 /* CustomCricleView.swift */ = {isa = PBXFileReference; lastKnownFileType = sourcecode.swift; path = CustomCricleView.swift; sourceTree = "<group>"; };
		C7B71A652B2C2438002A4B00 /* MotionAnimationView.swift */ = {isa = PBXFileReference; lastKnownFileType = sourcecode.swift; path = MotionAnimationView.swift; sourceTree = "<group>"; };
		C7B71A682B2C2E3F002A4B00 /* SettingView.swift */ = {isa = PBXFileReference; lastKnownFileType = sourcecode.swift; path = SettingView.swift; sourceTree = "<group>"; };
		C7B71A6A2B2C3FA8002A4B00 /* CustomListRow.swift */ = {isa = PBXFileReference; lastKnownFileType = sourcecode.swift; path = CustomListRow.swift; sourceTree = "<group>"; };
/* End PBXFileReference section */

/* Begin PBXFrameworksBuildPhase section */
		C774AFD42B2B0B2C00249767 /* Frameworks */ = {
			isa = PBXFrameworksBuildPhase;
			buildActionMask = 2147483647;
			files = (
			);
			runOnlyForDeploymentPostprocessing = 0;
		};
/* End PBXFrameworksBuildPhase section */

/* Begin PBXGroup section */
		C774AFCE2B2B0B2C00249767 = {
			isa = PBXGroup;
			children = (
				C774AFD92B2B0B2C00249767 /* Hike */,
				C774AFD82B2B0B2C00249767 /* Products */,
			);
			sourceTree = "<group>";
		};
		C774AFD82B2B0B2C00249767 /* Products */ = {
			isa = PBXGroup;
			children = (
				C774AFD72B2B0B2C00249767 /* Hike.app */,
			);
			name = Products;
			sourceTree = "<group>";
		};
		C774AFD92B2B0B2C00249767 /* Hike */ = {
			isa = PBXGroup;
			children = (
				C774AFDA2B2B0B2C00249767 /* HikeApp.swift */,
				C7B71A672B2C2E07002A4B00 /* Screen */,
				C7B71A612B2C0B82002A4B00 /* Component */,
				C7B71A622B2C0BCF002A4B00 /* New Group */,
				C774AFDE2B2B0B2E00249767 /* Assets.xcassets */,
				C774AFE02B2B0B2E00249767 /* Preview Content */,
			);
			path = Hike;
			sourceTree = "<group>";
		};
		C774AFE02B2B0B2E00249767 /* Preview Content */ = {
			isa = PBXGroup;
			children = (
				C774AFE12B2B0B2E00249767 /* Preview Assets.xcassets */,
			);
			path = "Preview Content";
			sourceTree = "<group>";
		};
		C7B71A612B2C0B82002A4B00 /* Component */ = {
			isa = PBXGroup;
			children = (
				C7B71A572B2B6AF2002A4B00 /* CustomBackgroundColor.swift */,
				C7B71A552B2B6680002A4B00 /* CardView.swift */,
				C7B71A5B2B2BEA7F002A4B00 /* CustomButton.swift */,
				C7B71A632B2C1FEF002A4B00 /* CustomCricleView.swift */,
				C7B71A652B2C2438002A4B00 /* MotionAnimationView.swift */,
				C7B71A6A2B2C3FA8002A4B00 /* CustomListRow.swift */,
			);
			name = Component;
			sourceTree = "<group>";
		};
		C7B71A622B2C0BCF002A4B00 /* New Group */ = {
			isa = PBXGroup;
			children = (
				C7B71A5F2B2C05AD002A4B00 /* CustomButtonStyle.swift */,
				C7B71A592B2B6B49002A4B00 /* Colors.swift */,
			);
			path = "New Group";
			sourceTree = "<group>";
		};
		C7B71A672B2C2E07002A4B00 /* Screen */ = {
			isa = PBXGroup;
			children = (
				C774AFDC2B2B0B2C00249767 /* ContentView.swift */,
				C7B71A682B2C2E3F002A4B00 /* SettingView.swift */,
			);
			path = Screen;
			sourceTree = "<group>";
		};
/* End PBXGroup section */

/* Begin PBXNativeTarget section */
		C774AFD62B2B0B2C00249767 /* Hike */ = {
			isa = PBXNativeTarget;
			buildConfigurationList = C774AFE52B2B0B2E00249767 /* Build configuration list for PBXNativeTarget "Hike" */;
			buildPhases = (
				C774AFD32B2B0B2C00249767 /* Sources */,
				C774AFD42B2B0B2C00249767 /* Frameworks */,
				C774AFD52B2B0B2C00249767 /* Resources */,
			);
			buildRules = (
			);
			dependencies = (
			);
			name = Hike;
			productName = Hike;
			productReference = C774AFD72B2B0B2C00249767 /* Hike.app */;
			productType = "com.apple.product-type.application";
		};
/* End PBXNativeTarget section */

/* Begin PBXProject section */
		C774AFCF2B2B0B2C00249767 /* Project object */ = {
			isa = PBXProject;
			attributes = {
				BuildIndependentTargetsInParallel = 1;
				LastSwiftUpdateCheck = 1500;
				LastUpgradeCheck = 1500;
				TargetAttributes = {
					C774AFD62B2B0B2C00249767 = {
						CreatedOnToolsVersion = 15.0;
					};
				};
			};
			buildConfigurationList = C774AFD22B2B0B2C00249767 /* Build configuration list for PBXProject "Hike" */;
			compatibilityVersion = "Xcode 14.0";
			developmentRegion = en;
			hasScannedForEncodings = 0;
			knownRegions = (
				en,
				Base,
			);
			mainGroup = C774AFCE2B2B0B2C00249767;
			productRefGroup = C774AFD82B2B0B2C00249767 /* Products */;
			projectDirPath = "";
			projectRoot = "";
			targets = (
				C774AFD62B2B0B2C00249767 /* Hike */,
			);
		};
/* End PBXProject section */

/* Begin PBXResourcesBuildPhase section */
		C774AFD52B2B0B2C00249767 /* Resources */ = {
			isa = PBXResourcesBuildPhase;
			buildActionMask = 2147483647;
			files = (
				C774AFE22B2B0B2E00249767 /* Preview Assets.xcassets in Resources */,
				C774AFDF2B2B0B2E00249767 /* Assets.xcassets in Resources */,
			);
			runOnlyForDeploymentPostprocessing = 0;
		};
/* End PBXResourcesBuildPhase section */

/* Begin PBXSourcesBuildPhase section */
		C774AFD32B2B0B2C00249767 /* Sources */ = {
			isa = PBXSourcesBuildPhase;
			buildActionMask = 2147483647;
			files = (
				C7B71A582B2B6AF2002A4B00 /* CustomBackgroundColor.swift in Sources */,
				C7B71A692B2C2E3F002A4B00 /* SettingView.swift in Sources */,
				C7B71A642B2C1FEF002A4B00 /* CustomCricleView.swift in Sources */,
				C7B71A6B2B2C3FA8002A4B00 /* CustomListRow.swift in Sources */,
				C7B71A5A2B2B6B49002A4B00 /* Colors.swift in Sources */,
				C7B71A5C2B2BEA7F002A4B00 /* CustomButton.swift in Sources */,
				C774AFDD2B2B0B2C00249767 /* ContentView.swift in Sources */,
				C7B71A562B2B6680002A4B00 /* CardView.swift in Sources */,
				C7B71A662B2C2438002A4B00 /* MotionAnimationView.swift in Sources */,
				C7B71A602B2C05AD002A4B00 /* CustomButtonStyle.swift in Sources */,
				C774AFDB2B2B0B2C00249767 /* HikeApp.swift in Sources */,
			);
			runOnlyForDeploymentPostprocessing = 0;
		};
/* End PBXSourcesBuildPhase section */

/* Begin XCBuildConfiguration section */
		C774AFE32B2B0B2E00249767 /* Debug */ = {
			isa = XCBuildConfiguration;
			buildSettings = {
				ALWAYS_SEARCH_USER_PATHS = NO;
				ASSETCATALOG_COMPILER_GENERATE_SWIFT_ASSET_SYMBOL_EXTENSIONS = YES;
				CLANG_ANALYZER_NONNULL = YES;
				CLANG_ANALYZER_NUMBER_OBJECT_CONVERSION = YES_AGGRESSIVE;
				CLANG_CXX_LANGUAGE_STANDARD = "gnu++20";
				CLANG_ENABLE_MODULES = YES;
				CLANG_ENABLE_OBJC_ARC = YES;
				CLANG_ENABLE_OBJC_WEAK = YES;
				CLANG_WARN_BLOCK_CAPTURE_AUTORELEASING = YES;
				CLANG_WARN_BOOL_CONVERSION = YES;
				CLANG_WARN_COMMA = YES;
				CLANG_WARN_CONSTANT_CONVERSION = YES;
				CLANG_WARN_DEPRECATED_OBJC_IMPLEMENTATIONS = YES;
				CLANG_WARN_DIRECT_OBJC_ISA_USAGE = YES_ERROR;
				CLANG_WARN_DOCUMENTATION_COMMENTS = YES;
				CLANG_WARN_EMPTY_BODY = YES;
				CLANG_WARN_ENUM_CONVERSION = YES;
				CLANG_WARN_INFINITE_RECURSION = YES;
				CLANG_WARN_INT_CONVERSION = YES;
				CLANG_WARN_NON_LITERAL_NULL_CONVERSION = YES;
				CLANG_WARN_OBJC_IMPLICIT_RETAIN_SELF = YES;
				CLANG_WARN_OBJC_LITERAL_CONVERSION = YES;
				CLANG_WARN_OBJC_ROOT_CLASS = YES_ERROR;
				CLANG_WARN_QUOTED_INCLUDE_IN_FRAMEWORK_HEADER = YES;
				CLANG_WARN_RANGE_LOOP_ANALYSIS = YES;
				CLANG_WARN_STRICT_PROTOTYPES = YES;
				CLANG_WARN_SUSPICIOUS_MOVE = YES;
				CLANG_WARN_UNGUARDED_AVAILABILITY = YES_AGGRESSIVE;
				CLANG_WARN_UNREACHABLE_CODE = YES;
				CLANG_WARN__DUPLICATE_METHOD_MATCH = YES;
				COPY_PHASE_STRIP = NO;
				DEBUG_INFORMATION_FORMAT = dwarf;
				ENABLE_STRICT_OBJC_MSGSEND = YES;
				ENABLE_TESTABILITY = YES;
				ENABLE_USER_SCRIPT_SANDBOXING = YES;
				GCC_C_LANGUAGE_STANDARD = gnu17;
				GCC_DYNAMIC_NO_PIC = NO;
				GCC_NO_COMMON_BLOCKS = YES;
				GCC_OPTIMIZATION_LEVEL = 0;
				GCC_PREPROCESSOR_DEFINITIONS = (
					"DEBUG=1",
					"$(inherited)",
				);
				GCC_WARN_64_TO_32_BIT_CONVERSION = YES;
				GCC_WARN_ABOUT_RETURN_TYPE = YES_ERROR;
				GCC_WARN_UNDECLARED_SELECTOR = YES;
				GCC_WARN_UNINITIALIZED_AUTOS = YES_AGGRESSIVE;
				GCC_WARN_UNUSED_FUNCTION = YES;
				GCC_WARN_UNUSED_VARIABLE = YES;
				IPHONEOS_DEPLOYMENT_TARGET = 17.0;
				LOCALIZATION_PREFERS_STRING_CATALOGS = YES;
				MTL_ENABLE_DEBUG_INFO = INCLUDE_SOURCE;
				MTL_FAST_MATH = YES;
				ONLY_ACTIVE_ARCH = YES;
				SDKROOT = iphoneos;
				SWIFT_ACTIVE_COMPILATION_CONDITIONS = "DEBUG $(inherited)";
				SWIFT_OPTIMIZATION_LEVEL = "-Onone";
			};
			name = Debug;
		};
		C774AFE42B2B0B2E00249767 /* Release */ = {
			isa = XCBuildConfiguration;
			buildSettings = {
				ALWAYS_SEARCH_USER_PATHS = NO;
				ASSETCATALOG_COMPILER_GENERATE_SWIFT_ASSET_SYMBOL_EXTENSIONS = YES;
				CLANG_ANALYZER_NONNULL = YES;
				CLANG_ANALYZER_NUMBER_OBJECT_CONVERSION = YES_AGGRESSIVE;
				CLANG_CXX_LANGUAGE_STANDARD = "gnu++20";
				CLANG_ENABLE_MODULES = YES;
				CLANG_ENABLE_OBJC_ARC = YES;
				CLANG_ENABLE_OBJC_WEAK = YES;
				CLANG_WARN_BLOCK_CAPTURE_AUTORELEASING = YES;
				CLANG_WARN_BOOL_CONVERSION = YES;
				CLANG_WARN_COMMA = YES;
				CLANG_WARN_CONSTANT_CONVERSION = YES;
				CLANG_WARN_DEPRECATED_OBJC_IMPLEMENTATIONS = YES;
				CLANG_WARN_DIRECT_OBJC_ISA_USAGE = YES_ERROR;
				CLANG_WARN_DOCUMENTATION_COMMENTS = YES;
				CLANG_WARN_EMPTY_BODY = YES;
				CLANG_WARN_ENUM_CONVERSION = YES;
				CLANG_WARN_INFINITE_RECURSION = YES;
				CLANG_WARN_INT_CONVERSION = YES;
				CLANG_WARN_NON_LITERAL_NULL_CONVERSION = YES;
				CLANG_WARN_OBJC_IMPLICIT_RETAIN_SELF = YES;
				CLANG_WARN_OBJC_LITERAL_CONVERSION = YES;
				CLANG_WARN_OBJC_ROOT_CLASS = YES_ERROR;
				CLANG_WARN_QUOTED_INCLUDE_IN_FRAMEWORK_HEADER = YES;
				CLANG_WARN_RANGE_LOOP_ANALYSIS = YES;
				CLANG_WARN_STRICT_PROTOTYPES = YES;
				CLANG_WARN_SUSPICIOUS_MOVE = YES;
				CLANG_WARN_UNGUARDED_AVAILABILITY = YES_AGGRESSIVE;
				CLANG_WARN_UNREACHABLE_CODE = YES;
				CLANG_WARN__DUPLICATE_METHOD_MATCH = YES;
				COPY_PHASE_STRIP = NO;
				DEBUG_INFORMATION_FORMAT = "dwarf-with-dsym";
				ENABLE_NS_ASSERTIONS = NO;
				ENABLE_STRICT_OBJC_MSGSEND = YES;
				ENABLE_USER_SCRIPT_SANDBOXING = YES;
				GCC_C_LANGUAGE_STANDARD = gnu17;
				GCC_NO_COMMON_BLOCKS = YES;
				GCC_WARN_64_TO_32_BIT_CONVERSION = YES;
				GCC_WARN_ABOUT_RETURN_TYPE = YES_ERROR;
				GCC_WARN_UNDECLARED_SELECTOR = YES;
				GCC_WARN_UNINITIALIZED_AUTOS = YES_AGGRESSIVE;
				GCC_WARN_UNUSED_FUNCTION = YES;
				GCC_WARN_UNUSED_VARIABLE = YES;
				IPHONEOS_DEPLOYMENT_TARGET = 17.0;
				LOCALIZATION_PREFERS_STRING_CATALOGS = YES;
				MTL_ENABLE_DEBUG_INFO = NO;
				MTL_FAST_MATH = YES;
				SDKROOT = iphoneos;
				SWIFT_COMPILATION_MODE = wholemodule;
				VALIDATE_PRODUCT = YES;
			};
			name = Release;
		};
		C774AFE62B2B0B2E00249767 /* Debug */ = {
			isa = XCBuildConfiguration;
			buildSettings = {
				ASSETCATALOG_COMPILER_APPICON_NAME = AppIcon;
				ASSETCATALOG_COMPILER_GLOBAL_ACCENT_COLOR_NAME = AccentColor;
				ASSETCATALOG_COMPILER_INCLUDE_ALL_APPICON_ASSETS = YES;
				CODE_SIGN_STYLE = Automatic;
				CURRENT_PROJECT_VERSION = 1;
				DEVELOPMENT_ASSET_PATHS = "\"Hike/Preview Content\"";
				DEVELOPMENT_TEAM = N2DY4425R7;
				ENABLE_PREVIEWS = YES;
				GENERATE_INFOPLIST_FILE = YES;
				INFOPLIST_KEY_UIApplicationSceneManifest_Generation = YES;
				INFOPLIST_KEY_UIApplicationSupportsIndirectInputEvents = YES;
				INFOPLIST_KEY_UILaunchScreen_Generation = YES;
				INFOPLIST_KEY_UISupportedInterfaceOrientations_iPad = "UIInterfaceOrientationPortrait UIInterfaceOrientationPortraitUpsideDown UIInterfaceOrientationLandscapeLeft UIInterfaceOrientationLandscapeRight";
				INFOPLIST_KEY_UISupportedInterfaceOrientations_iPhone = "UIInterfaceOrientationPortrait UIInterfaceOrientationLandscapeLeft UIInterfaceOrientationLandscapeRight";
				LD_RUNPATH_SEARCH_PATHS = (
					"$(inherited)",
					"@executable_path/Frameworks",
				);
				MARKETING_VERSION = 1.0;
				PRODUCT_BUNDLE_IDENTIFIER = Kathiravan.Hike;
				PRODUCT_NAME = "$(TARGET_NAME)";
				SWIFT_EMIT_LOC_STRINGS = YES;
				SWIFT_VERSION = 5.0;
				TARGETED_DEVICE_FAMILY = "1,2";
			};
			name = Debug;
		};
		C774AFE72B2B0B2E00249767 /* Release */ = {
			isa = XCBuildConfiguration;
			buildSettings = {
				ASSETCATALOG_COMPILER_APPICON_NAME = AppIcon;
				ASSETCATALOG_COMPILER_GLOBAL_ACCENT_COLOR_NAME = AccentColor;
				ASSETCATALOG_COMPILER_INCLUDE_ALL_APPICON_ASSETS = YES;
				CODE_SIGN_STYLE = Automatic;
				CURRENT_PROJECT_VERSION = 1;
				DEVELOPMENT_ASSET_PATHS = "\"Hike/Preview Content\"";
				DEVELOPMENT_TEAM = N2DY4425R7;
				ENABLE_PREVIEWS = YES;
				GENERATE_INFOPLIST_FILE = YES;
				INFOPLIST_KEY_UIApplicationSceneManifest_Generation = YES;
				INFOPLIST_KEY_UIApplicationSupportsIndirectInputEvents = YES;
				INFOPLIST_KEY_UILaunchScreen_Generation = YES;
				INFOPLIST_KEY_UISupportedInterfaceOrientations_iPad = "UIInterfaceOrientationPortrait UIInterfaceOrientationPortraitUpsideDown UIInterfaceOrientationLandscapeLeft UIInterfaceOrientationLandscapeRight";
				INFOPLIST_KEY_UISupportedInterfaceOrientations_iPhone = "UIInterfaceOrientationPortrait UIInterfaceOrientationLandscapeLeft UIInterfaceOrientationLandscapeRight";
				LD_RUNPATH_SEARCH_PATHS = (
					"$(inherited)",
					"@executable_path/Frameworks",
				);
				MARKETING_VERSION = 1.0;
				PRODUCT_BUNDLE_IDENTIFIER = Kathiravan.Hike;
				PRODUCT_NAME = "$(TARGET_NAME)";
				SWIFT_EMIT_LOC_STRINGS = YES;
				SWIFT_VERSION = 5.0;
				TARGETED_DEVICE_FAMILY = "1,2";
			};
			name = Release;
		};
/* End XCBuildConfiguration section */

/* Begin XCConfigurationList section */
		C774AFD22B2B0B2C00249767 /* Build configuration list for PBXProject "Hike" */ = {
			isa = XCConfigurationList;
			buildConfigurations = (
				C774AFE32B2B0B2E00249767 /* Debug */,
				C774AFE42B2B0B2E00249767 /* Release */,
			);
			defaultConfigurationIsVisible = 0;
			defaultConfigurationName = Release;
		};
		C774AFE52B2B0B2E00249767 /* Build configuration list for PBXNativeTarget "Hike" */ = {
			isa = XCConfigurationList;
			buildConfigurations = (
				C774AFE62B2B0B2E00249767 /* Debug */,
				C774AFE72B2B0B2E00249767 /* Release */,
			);
			defaultConfigurationIsVisible = 0;
			defaultConfigurationName = Release;
		};
/* End XCConfigurationList section */
	};
	rootObject = C774AFCF2B2B0B2C00249767 /* Project object */;
}
